
Microsoft Visual Studio Solution File, Format Version 12.00
# Visual Studio 2013
VisualStudioVersion = 12.0.31101.0
MinimumVisualStudioVersion = 10.0.40219.1
Project("{2150E333-8FDC-42A3-9474-1A3956D46DE8}") = "Solution Items", "Solution Items", "{9D61E1DD-6074-4339-B3F3-4267D15A26D3}"
EndProject
Project("{2150E333-8FDC-42A3-9474-1A3956D46DE8}") = "UnitTests", "UnitTests", "{5364BB15-F747-4623-A543-AE18A42C6DBB}"
EndProject
Project("{FAE04EC0-301F-11D3-BF4B-00C04F79EFBC}") = "CodeTiger.Core", "CodeTiger.Core\CodeTiger.Core.csproj", "{6F882A38-65F9-427A-A7F2-7919F79D3A1D}"
EndProject
Project("{FAE04EC0-301F-11D3-BF4B-00C04F79EFBC}") = "UnitTests.CodeTiger.Core", "UnitTests\UnitTests.CodeTiger.Core\UnitTests.CodeTiger.Core.csproj", "{E02B2C6E-7BE6-4BE0-895A-1900EEF5C444}"
EndProject
Project("{FAE04EC0-301F-11D3-BF4B-00C04F79EFBC}") = "CodeTiger.Core.Portable", "CodeTiger.Core.Portable\CodeTiger.Core.Portable.csproj", "{13F2D83F-7508-44AA-BFC7-0E69EBCBFD96}"
EndProject
Project("{2150E333-8FDC-42A3-9474-1A3956D46DE8}") = ".nuget", ".nuget", "{9986FDB1-A1EC-4996-81E9-32875E197AFA}"
	ProjectSection(SolutionItems) = preProject
		.nuget\packages.config = .nuget\packages.config
	EndProjectSection
EndProject
Project("{FAE04EC0-301F-11D3-BF4B-00C04F79EFBC}") = "UnitTests.CodeTiger.Core.Portable", "UnitTests\UnitTests.CodeTiger.Core.Portable\UnitTests.CodeTiger.Core.Portable.csproj", "{7D27CFC4-677C-4CD5-BD9E-4FEB5B54F9B8}"
EndProject
Global
	GlobalSection(SolutionConfigurationPlatforms) = preSolution
		Debug|Any CPU = Debug|Any CPU
		Release|Any CPU = Release|Any CPU
	EndGlobalSection
	GlobalSection(ProjectConfigurationPlatforms) = postSolution
		{6F882A38-65F9-427A-A7F2-7919F79D3A1D}.Debug|Any CPU.ActiveCfg = Debug|Any CPU
		{6F882A38-65F9-427A-A7F2-7919F79D3A1D}.Debug|Any CPU.Build.0 = Debug|Any CPU
		{6F882A38-65F9-427A-A7F2-7919F79D3A1D}.Release|Any CPU.ActiveCfg = Release|Any CPU
		{6F882A38-65F9-427A-A7F2-7919F79D3A1D}.Release|Any CPU.Build.0 = Release|Any CPU
		{E02B2C6E-7BE6-4BE0-895A-1900EEF5C444}.Debug|Any CPU.ActiveCfg = Debug|Any CPU
		{E02B2C6E-7BE6-4BE0-895A-1900EEF5C444}.Debug|Any CPU.Build.0 = Debug|Any CPU
		{E02B2C6E-7BE6-4BE0-895A-1900EEF5C444}.Release|Any CPU.ActiveCfg = Release|Any CPU
		{E02B2C6E-7BE6-4BE0-895A-1900EEF5C444}.Release|Any CPU.Build.0 = Release|Any CPU
		{13F2D83F-7508-44AA-BFC7-0E69EBCBFD96}.Debug|Any CPU.ActiveCfg = Debug|Any CPU
		{13F2D83F-7508-44AA-BFC7-0E69EBCBFD96}.Debug|Any CPU.Build.0 = Debug|Any CPU
		{13F2D83F-7508-44AA-BFC7-0E69EBCBFD96}.Release|Any CPU.ActiveCfg = Release|Any CPU
		{13F2D83F-7508-44AA-BFC7-0E69EBCBFD96}.Release|Any CPU.Build.0 = Release|Any CPU
		{7D27CFC4-677C-4CD5-BD9E-4FEB5B54F9B8}.Debug|Any CPU.ActiveCfg = Debug|Any CPU
		{7D27CFC4-677C-4CD5-BD9E-4FEB5B54F9B8}.Debug|Any CPU.Build.0 = Debug|Any CPU
		{7D27CFC4-677C-4CD5-BD9E-4FEB5B54F9B8}.Release|Any CPU.ActiveCfg = Release|Any CPU
		{7D27CFC4-677C-4CD5-BD9E-4FEB5B54F9B8}.Release|Any CPU.Build.0 = Release|Any CPU
	EndGlobalSection
	GlobalSection(SolutionProperties) = preSolution
		HideSolutionNode = FALSE
	EndGlobalSection
	GlobalSection(NestedProjects) = preSolution
		{E02B2C6E-7BE6-4BE0-895A-1900EEF5C444} = {5364BB15-F747-4623-A543-AE18A42C6DBB}
		{7D27CFC4-677C-4CD5-BD9E-4FEB5B54F9B8} = {5364BB15-F747-4623-A543-AE18A42C6DBB}
	EndGlobalSection
	GlobalSection(TestCaseManagementSettings) = postSolution
		CategoryFile = CodeTigerLib.vsmdi
	EndGlobalSection
EndGlobal
